# This file is autogenerated, do not edit; changes may be undone by the next 'dep ensure'.


[[projects]]
  branch = "master"
  name = "github.com/ddo/go-fast"
  packages = ["."]
  revision = "3a2f747dc7822651b08fe2eede38cb82e9df60cd"

[[projects]]
  branch = "master"
  name = "github.com/ddo/go-spin"
  packages = ["."]
  revision = "ab0a40e623c0ece8ed51422ce08b2e64d75b8454"

[[projects]]
  branch = "master"
  name = "github.com/ddo/pick-json"
  packages = ["."]
  revision = "c8760e09e0feac4fe647a1407554964046a7d96d"

[[projects]]
  branch = "master"
  name = "github.com/ddo/rq"
  packages = [
    ".",
    "client"
  ]
  revision = "d8ad0e0faf649ecbac7fe4a0f1b28fd2333921ae"

[[projects]]
  branch = "master"
  name = "golang.org/x/net"
  packages = [
    "html",
    "html/atom"
  ]
  revision = "cbe0f9307d0156177f9dd5dc85da1a31abc5f2fb"

[[projects]]
  name = "gopkg.in/ddo/go-dlog.v2"
  packages = ["."]
  revision = "7d372d18f46a69b80332bf074f705bc5e1377744"
  version = "v2.1.0"

[[projects]]
  name = "gopkg.in/ddo/pick.v1"
  packages = ["."]
  revision = "1bb445e69bd8d9c33f7843735d317f9d214cf30d"
  version = "v1.2.2"

[solve-meta]
  analyzer-name = "dep"
  analyzer-version = 1
  inputs-digest = "19c085fac2b9adf725750b257d6bf88a283d47bf4f357f321e26d54015c7b21e"
  solver-name = "gps-cdcl"
  solver-version = 1
